
Microsoft Visual Studio Solution File, Format Version 12.00
# Visual Studio Version 17
VisualStudioVersion = 17.0.31903.59
MinimumVisualStudioVersion = 10.0.40219.1
Project("{2150E333-8FDC-42A3-9474-1A3956D46DE8}") = "src", "src", "{827E0CD3-B72D-47B6-A68D-7590B98EB39B}"
EndProject
Project("{FAE04EC0-301F-11D3-BF4B-00C04F79EFBC}") = "ClipboardManager.Core", "src\ClipboardManager.Core\ClipboardManager.Core.csproj", "{4E24BB42-4455-48A5-AB7D-557D432CDCEF}"
EndProject
Project("{FAE04EC0-301F-11D3-BF4B-00C04F79EFBC}") = "ClipboardManager.Application", "src\ClipboardManager.Application\ClipboardManager.Application.csproj", "{0117D7DC-DE7E-464C-AF0C-02AF3B7D4D23}"
EndProject
Project("{FAE04EC0-301F-11D3-BF4B-00C04F79EFBC}") = "ClipboardManager.Infrastructure", "src\ClipboardManager.Infrastructure\ClipboardManager.Infrastructure.csproj", "{ED6A3FCF-2BF7-4B8B-8C29-3380BAA6090F}"
EndProject
Project("{FAE04EC0-301F-11D3-BF4B-00C04F79EFBC}") = "ClipboardManager.Presentation.WPF", "src\ClipboardManager.Presentation.WPF\ClipboardManager.Presentation.WPF.csproj", "{C9668B0A-D987-479E-99EB-B6250BE9CBBB}"
EndProject
Project("{2150E333-8FDC-42A3-9474-1A3956D46DE8}") = "tests", "tests", "{0AB3BF05-4346-4AA6-1389-037BE0695223}"
EndProject
Project("{FAE04EC0-301F-11D3-BF4B-00C04F79EFBC}") = "ClipboardManager.Application.Tests", "tests\ClipboardManager.Application.Tests\ClipboardManager.Application.Tests.csproj", "{88D2B91B-29C7-426D-9F86-51515AECE43F}"
EndProject
Global
	GlobalSection(SolutionConfigurationPlatforms) = preSolution
		Debug|Any CPU = Debug|Any CPU
		Debug|x64 = Debug|x64
		Debug|x86 = Debug|x86
		Release|Any CPU = Release|Any CPU
		Release|x64 = Release|x64
		Release|x86 = Release|x86
	EndGlobalSection
	GlobalSection(ProjectConfigurationPlatforms) = postSolution
		{4E24BB42-4455-48A5-AB7D-557D432CDCEF}.Debug|Any CPU.ActiveCfg = Debug|Any CPU
		{4E24BB42-4455-48A5-AB7D-557D432CDCEF}.Debug|Any CPU.Build.0 = Debug|Any CPU
		{4E24BB42-4455-48A5-AB7D-557D432CDCEF}.Debug|x64.ActiveCfg = Debug|Any CPU
		{4E24BB42-4455-48A5-AB7D-557D432CDCEF}.Debug|x64.Build.0 = Debug|Any CPU
		{4E24BB42-4455-48A5-AB7D-557D432CDCEF}.Debug|x86.ActiveCfg = Debug|Any CPU
		{4E24BB42-4455-48A5-AB7D-557D432CDCEF}.Debug|x86.Build.0 = Debug|Any CPU
		{4E24BB42-4455-48A5-AB7D-557D432CDCEF}.Release|Any CPU.ActiveCfg = Release|Any CPU
		{4E24BB42-4455-48A5-AB7D-557D432CDCEF}.Release|Any CPU.Build.0 = Release|Any CPU
		{4E24BB42-4455-48A5-AB7D-557D432CDCEF}.Release|x64.ActiveCfg = Release|Any CPU
		{4E24BB42-4455-48A5-AB7D-557D432CDCEF}.Release|x64.Build.0 = Release|Any CPU
		{4E24BB42-4455-48A5-AB7D-557D432CDCEF}.Release|x86.ActiveCfg = Release|Any CPU
		{4E24BB42-4455-48A5-AB7D-557D432CDCEF}.Release|x86.Build.0 = Release|Any CPU
		{0117D7DC-DE7E-464C-AF0C-02AF3B7D4D23}.Debug|Any CPU.ActiveCfg = Debug|Any CPU
		{0117D7DC-DE7E-464C-AF0C-02AF3B7D4D23}.Debug|Any CPU.Build.0 = Debug|Any CPU
		{0117D7DC-DE7E-464C-AF0C-02AF3B7D4D23}.Debug|x64.ActiveCfg = Debug|Any CPU
		{0117D7DC-DE7E-464C-AF0C-02AF3B7D4D23}.Debug|x64.Build.0 = Debug|Any CPU
		{0117D7DC-DE7E-464C-AF0C-02AF3B7D4D23}.Debug|x86.ActiveCfg = Debug|Any CPU
		{0117D7DC-DE7E-464C-AF0C-02AF3B7D4D23}.Debug|x86.Build.0 = Debug|Any CPU
		{0117D7DC-DE7E-464C-AF0C-02AF3B7D4D23}.Release|Any CPU.ActiveCfg = Release|Any CPU
		{0117D7DC-DE7E-464C-AF0C-02AF3B7D4D23}.Release|Any CPU.Build.0 = Release|Any CPU
		{0117D7DC-DE7E-464C-AF0C-02AF3B7D4D23}.Release|x64.ActiveCfg = Release|Any CPU
		{0117D7DC-DE7E-464C-AF0C-02AF3B7D4D23}.Release|x64.Build.0 = Release|Any CPU
		{0117D7DC-DE7E-464C-AF0C-02AF3B7D4D23}.Release|x86.ActiveCfg = Release|Any CPU
		{0117D7DC-DE7E-464C-AF0C-02AF3B7D4D23}.Release|x86.Build.0 = Release|Any CPU
		{ED6A3FCF-2BF7-4B8B-8C29-3380BAA6090F}.Debug|Any CPU.ActiveCfg = Debug|Any CPU
		{ED6A3FCF-2BF7-4B8B-8C29-3380BAA6090F}.Debug|Any CPU.Build.0 = Debug|Any CPU
		{ED6A3FCF-2BF7-4B8B-8C29-3380BAA6090F}.Debug|x64.ActiveCfg = Debug|Any CPU
		{ED6A3FCF-2BF7-4B8B-8C29-3380BAA6090F}.Debug|x64.Build.0 = Debug|Any CPU
		{ED6A3FCF-2BF7-4B8B-8C29-3380BAA6090F}.Debug|x86.ActiveCfg = Debug|Any CPU
		{ED6A3FCF-2BF7-4B8B-8C29-3380BAA6090F}.Debug|x86.Build.0 = Debug|Any CPU
		{ED6A3FCF-2BF7-4B8B-8C29-3380BAA6090F}.Release|Any CPU.ActiveCfg = Release|Any CPU
		{ED6A3FCF-2BF7-4B8B-8C29-3380BAA6090F}.Release|Any CPU.Build.0 = Release|Any CPU
		{ED6A3FCF-2BF7-4B8B-8C29-3380BAA6090F}.Release|x64.ActiveCfg = Release|Any CPU
		{ED6A3FCF-2BF7-4B8B-8C29-3380BAA6090F}.Release|x64.Build.0 = Release|Any CPU
		{ED6A3FCF-2BF7-4B8B-8C29-3380BAA6090F}.Release|x86.ActiveCfg = Release|Any CPU
		{ED6A3FCF-2BF7-4B8B-8C29-3380BAA6090F}.Release|x86.Build.0 = Release|Any CPU
		{C9668B0A-D987-479E-99EB-B6250BE9CBBB}.Debug|Any CPU.ActiveCfg = Debug|Any CPU
		{C9668B0A-D987-479E-99EB-B6250BE9CBBB}.Debug|Any CPU.Build.0 = Debug|Any CPU
		{C9668B0A-D987-479E-99EB-B6250BE9CBBB}.Debug|x64.ActiveCfg = Debug|Any CPU
		{C9668B0A-D987-479E-99EB-B6250BE9CBBB}.Debug|x64.Build.0 = Debug|Any CPU
		{C9668B0A-D987-479E-99EB-B6250BE9CBBB}.Debug|x86.ActiveCfg = Debug|Any CPU
		{C9668B0A-D987-479E-99EB-B6250BE9CBBB}.Debug|x86.Build.0 = Debug|Any CPU
		{C9668B0A-D987-479E-99EB-B6250BE9CBBB}.Release|Any CPU.ActiveCfg = Release|Any CPU
		{C9668B0A-D987-479E-99EB-B6250BE9CBBB}.Release|Any CPU.Build.0 = Release|Any CPU
		{C9668B0A-D987-479E-99EB-B6250BE9CBBB}.Release|x64.ActiveCfg = Release|Any CPU
		{C9668B0A-D987-479E-99EB-B6250BE9CBBB}.Release|x64.Build.0 = Release|Any CPU
		{C9668B0A-D987-479E-99EB-B6250BE9CBBB}.Release|x86.ActiveCfg = Release|Any CPU
		{C9668B0A-D987-479E-99EB-B6250BE9CBBB}.Release|x86.Build.0 = Release|Any CPU
		{88D2B91B-29C7-426D-9F86-51515AECE43F}.Debug|Any CPU.ActiveCfg = Debug|Any CPU
		{88D2B91B-29C7-426D-9F86-51515AECE43F}.Debug|Any CPU.Build.0 = Debug|Any CPU
		{88D2B91B-29C7-426D-9F86-51515AECE43F}.Debug|x64.ActiveCfg = Debug|Any CPU
		{88D2B91B-29C7-426D-9F86-51515AECE43F}.Debug|x64.Build.0 = Debug|Any CPU
		{88D2B91B-29C7-426D-9F86-51515AECE43F}.Debug|x86.ActiveCfg = Debug|Any CPU
		{88D2B91B-29C7-426D-9F86-51515AECE43F}.Debug|x86.Build.0 = Debug|Any CPU
		{88D2B91B-29C7-426D-9F86-51515AECE43F}.Release|Any CPU.ActiveCfg = Release|Any CPU
		{88D2B91B-29C7-426D-9F86-51515AECE43F}.Release|Any CPU.Build.0 = Release|Any CPU
		{88D2B91B-29C7-426D-9F86-51515AECE43F}.Release|x64.ActiveCfg = Release|Any CPU
		{88D2B91B-29C7-426D-9F86-51515AECE43F}.Release|x64.Build.0 = Release|Any CPU
		{88D2B91B-29C7-426D-9F86-51515AECE43F}.Release|x86.ActiveCfg = Release|Any CPU
		{88D2B91B-29C7-426D-9F86-51515AECE43F}.Release|x86.Build.0 = Release|Any CPU
	EndGlobalSection
	GlobalSection(SolutionProperties) = preSolution
		HideSolutionNode = FALSE
	EndGlobalSection
	GlobalSection(NestedProjects) = preSolution
		{4E24BB42-4455-48A5-AB7D-557D432CDCEF} = {827E0CD3-B72D-47B6-A68D-7590B98EB39B}
		{0117D7DC-DE7E-464C-AF0C-02AF3B7D4D23} = {827E0CD3-B72D-47B6-A68D-7590B98EB39B}
		{ED6A3FCF-2BF7-4B8B-8C29-3380BAA6090F} = {827E0CD3-B72D-47B6-A68D-7590B98EB39B}
		{C9668B0A-D987-479E-99EB-B6250BE9CBBB} = {827E0CD3-B72D-47B6-A68D-7590B98EB39B}
		{88D2B91B-29C7-426D-9F86-51515AECE43F} = {0AB3BF05-4346-4AA6-1389-037BE0695223}
	EndGlobalSection
EndGlobal
